
Microsoft Visual Studio Solution File, Format Version 12.00
# Visual Studio Version 17
VisualStudioVersion = 17.5.002.0
MinimumVisualStudioVersion = 10.0.40219.1
Project("{9A19103F-16F7-4668-BE54-9A1E7A4F7556}") = "chess-api", "chess-api\chess-api.csproj", "{AC7354B3-0BD8-4022-BB30-E2694D6E6576}"
EndProject
Global
	GlobalSection(SolutionConfigurationPlatforms) = preSolution
		Debug|Any CPU = Debug|Any CPU
		Release|Any CPU = Release|Any CPU
	EndGlobalSection
	GlobalSection(ProjectConfigurationPlatforms) = postSolution
		{AC7354B3-0BD8-4022-BB30-E2694D6E6576}.Debug|Any CPU.ActiveCfg = Debug|Any CPU
		{AC7354B3-0BD8-4022-BB30-E2694D6E6576}.Debug|Any CPU.Build.0 = Debug|Any CPU
		{AC7354B3-0BD8-4022-BB30-E2694D6E6576}.Release|Any CPU.ActiveCfg = Release|Any CPU
		{AC7354B3-0BD8-4022-BB30-E2694D6E6576}.Release|Any CPU.Build.0 = Release|Any CPU
	EndGlobalSection
	GlobalSection(SolutionProperties) = preSolution
		HideSolutionNode = FALSE
	EndGlobalSection
	GlobalSection(ExtensibilityGlobals) = postSolution
		SolutionGuid = {CAB54801-C7E6-4A72-9A22-A77686B1D2BF}
	EndGlobalSection
EndGlobal
